// !$*UTF8*$!
{
	archiveVersion = 1;
	classes = {
	};
	objectVersion = 46;
	objects = {

/* Begin PBXBuildFile section */
		D82A505E1E7737FF00BF54D0 /* CircleImageView.swift in Sources */ = {isa = PBXBuildFile; fileRef = D82A505D1E7737FF00BF54D0 /* CircleImageView.swift */; };
		D82A50601E77A82B00BF54D0 /* PostViewCell.swift in Sources */ = {isa = PBXBuildFile; fileRef = D82A505F1E77A82B00BF54D0 /* PostViewCell.swift */; };
		D84F15EF1E787B9C00EF340C /* DataService.swift in Sources */ = {isa = PBXBuildFile; fileRef = D84F15EE1E787B9C00EF340C /* DataService.swift */; };
		D89F26C51E68A63B00F46B7F /* FeedViewController.swift in Sources */ = {isa = PBXBuildFile; fileRef = D89F26C41E68A63B00F46B7F /* FeedViewController.swift */; };
		D8A881ED1E65DD650093E17C /* RoundButton.swift in Sources */ = {isa = PBXBuildFile; fileRef = D8A881EC1E65DD650093E17C /* RoundButton.swift */; };
		D8A881EF1E65DD6E0093E17C /* FancyButton.swift in Sources */ = {isa = PBXBuildFile; fileRef = D8A881EE1E65DD6E0093E17C /* FancyButton.swift */; };
		D8A881F11E65DD730093E17C /* FancyField.swift in Sources */ = {isa = PBXBuildFile; fileRef = D8A881F01E65DD730093E17C /* FancyField.swift */; };
		D8A881F31E65DD790093E17C /* CleanView.swift in Sources */ = {isa = PBXBuildFile; fileRef = D8A881F21E65DD790093E17C /* CleanView.swift */; };
		D8A881F51E65DD7F0093E17C /* Constants.swift in Sources */ = {isa = PBXBuildFile; fileRef = D8A881F41E65DD7F0093E17C /* Constants.swift */; };
		D8EE0B701E65D97A00A5A413 /* AppDelegate.swift in Sources */ = {isa = PBXBuildFile; fileRef = D8EE0B6F1E65D97A00A5A413 /* AppDelegate.swift */; };
		D8EE0B721E65D97A00A5A413 /* ViewController.swift in Sources */ = {isa = PBXBuildFile; fileRef = D8EE0B711E65D97A00A5A413 /* ViewController.swift */; };
		D8EE0B751E65D97A00A5A413 /* Main.storyboard in Resources */ = {isa = PBXBuildFile; fileRef = D8EE0B731E65D97A00A5A413 /* Main.storyboard */; };
		D8EE0B771E65D97A00A5A413 /* Assets.xcassets in Resources */ = {isa = PBXBuildFile; fileRef = D8EE0B761E65D97A00A5A413 /* Assets.xcassets */; };
		D8EE0B7A1E65D97A00A5A413 /* LaunchScreen.storyboard in Resources */ = {isa = PBXBuildFile; fileRef = D8EE0B781E65D97A00A5A413 /* LaunchScreen.storyboard */; };
		D8EE0B851E65D9FE00A5A413 /* GoogleService-Info.plist in Resources */ = {isa = PBXBuildFile; fileRef = D8EE0B841E65D9FE00A5A413 /* GoogleService-Info.plist */; };
		FBD5FA4AACB88EE423D1AE6D /* Pods_TheLeeStreetNetwork.framework in Frameworks */ = {isa = PBXBuildFile; fileRef = 9DE75C03B947F7AC938970AD /* Pods_TheLeeStreetNetwork.framework */; };
/* End PBXBuildFile section */

/* Begin PBXFileReference section */
		4A649F09AAAE0FA7A8C101E5 /* Pods-TheLeeStreetNetwork.debug.xcconfig */ = {isa = PBXFileReference; includeInIndex = 1; lastKnownFileType = text.xcconfig; name = "Pods-TheLeeStreetNetwork.debug.xcconfig"; path = "Pods/Target Support Files/Pods-TheLeeStreetNetwork/Pods-TheLeeStreetNetwork.debug.xcconfig"; sourceTree = "<group>"; };
		9DE75C03B947F7AC938970AD /* Pods_TheLeeStreetNetwork.framework */ = {isa = PBXFileReference; explicitFileType = wrapper.framework; includeInIndex = 0; path = Pods_TheLeeStreetNetwork.framework; sourceTree = BUILT_PRODUCTS_DIR; };
		CF7FC7D910D0343090866D44 /* Pods-TheLeeStreetNetwork.release.xcconfig */ = {isa = PBXFileReference; includeInIndex = 1; lastKnownFileType = text.xcconfig; name = "Pods-TheLeeStreetNetwork.release.xcconfig"; path = "Pods/Target Support Files/Pods-TheLeeStreetNetwork/Pods-TheLeeStreetNetwork.release.xcconfig"; sourceTree = "<group>"; };
		D82A505D1E7737FF00BF54D0 /* CircleImageView.swift */ = {isa = PBXFileReference; fileEncoding = 4; lastKnownFileType = sourcecode.swift; path = CircleImageView.swift; sourceTree = "<group>"; };
		D82A505F1E77A82B00BF54D0 /* PostViewCell.swift */ = {isa = PBXFileReference; fileEncoding = 4; lastKnownFileType = sourcecode.swift; path = PostViewCell.swift; sourceTree = "<group>"; };
		D84F15EE1E787B9C00EF340C /* DataService.swift */ = {isa = PBXFileReference; fileEncoding = 4; lastKnownFileType = sourcecode.swift; path = DataService.swift; sourceTree = "<group>"; };
		D89F26C41E68A63B00F46B7F /* FeedViewController.swift */ = {isa = PBXFileReference; fileEncoding = 4; lastKnownFileType = sourcecode.swift; path = FeedViewController.swift; sourceTree = "<group>"; };
		D8A881EC1E65DD650093E17C /* RoundButton.swift */ = {isa = PBXFileReference; fileEncoding = 4; lastKnownFileType = sourcecode.swift; path = RoundButton.swift; sourceTree = "<group>"; };
		D8A881EE1E65DD6E0093E17C /* FancyButton.swift */ = {isa = PBXFileReference; fileEncoding = 4; lastKnownFileType = sourcecode.swift; path = FancyButton.swift; sourceTree = "<group>"; };
		D8A881F01E65DD730093E17C /* FancyField.swift */ = {isa = PBXFileReference; fileEncoding = 4; lastKnownFileType = sourcecode.swift; path = FancyField.swift; sourceTree = "<group>"; };
		D8A881F21E65DD790093E17C /* CleanView.swift */ = {isa = PBXFileReference; fileEncoding = 4; lastKnownFileType = sourcecode.swift; path = CleanView.swift; sourceTree = "<group>"; };
		D8A881F41E65DD7F0093E17C /* Constants.swift */ = {isa = PBXFileReference; fileEncoding = 4; lastKnownFileType = sourcecode.swift; path = Constants.swift; sourceTree = "<group>"; };
		D8EE0B6C1E65D97A00A5A413 /* TheLeeStreetNetwork.app */ = {isa = PBXFileReference; explicitFileType = wrapper.application; includeInIndex = 0; path = TheLeeStreetNetwork.app; sourceTree = BUILT_PRODUCTS_DIR; };
		D8EE0B6F1E65D97A00A5A413 /* AppDelegate.swift */ = {isa = PBXFileReference; lastKnownFileType = sourcecode.swift; path = AppDelegate.swift; sourceTree = "<group>"; };
		D8EE0B711E65D97A00A5A413 /* ViewController.swift */ = {isa = PBXFileReference; lastKnownFileType = sourcecode.swift; path = ViewController.swift; sourceTree = "<group>"; };
		D8EE0B741E65D97A00A5A413 /* Base */ = {isa = PBXFileReference; lastKnownFileType = file.storyboard; name = Base; path = Base.lproj/Main.storyboard; sourceTree = "<group>"; };
		D8EE0B761E65D97A00A5A413 /* Assets.xcassets */ = {isa = PBXFileReference; lastKnownFileType = folder.assetcatalog; path = Assets.xcassets; sourceTree = "<group>"; };
		D8EE0B791E65D97A00A5A413 /* Base */ = {isa = PBXFileReference; lastKnownFileType = file.storyboard; name = Base; path = Base.lproj/LaunchScreen.storyboard; sourceTree = "<group>"; };
		D8EE0B7B1E65D97A00A5A413 /* Info.plist */ = {isa = PBXFileReference; lastKnownFileType = text.plist.xml; path = Info.plist; sourceTree = "<group>"; };
		D8EE0B841E65D9FE00A5A413 /* GoogleService-Info.plist */ = {isa = PBXFileReference; fileEncoding = 4; lastKnownFileType = text.plist.xml; path = "GoogleService-Info.plist"; sourceTree = "<group>"; };
/* End PBXFileReference section */

/* Begin PBXFrameworksBuildPhase section */
		D8EE0B691E65D97A00A5A413 /* Frameworks */ = {
			isa = PBXFrameworksBuildPhase;
			buildActionMask = 2147483647;
			files = (
				FBD5FA4AACB88EE423D1AE6D /* Pods_TheLeeStreetNetwork.framework in Frameworks */,
			);
			runOnlyForDeploymentPostprocessing = 0;
		};
/* End PBXFrameworksBuildPhase section */

/* Begin PBXGroup section */
		21B8EC59D2031387528A39BD /* Pods */ = {
			isa = PBXGroup;
			children = (
				4A649F09AAAE0FA7A8C101E5 /* Pods-TheLeeStreetNetwork.debug.xcconfig */,
				CF7FC7D910D0343090866D44 /* Pods-TheLeeStreetNetwork.release.xcconfig */,
			);
			name = Pods;
			sourceTree = "<group>";
		};
		86413433B099AD7737A26A4B /* Frameworks */ = {
			isa = PBXGroup;
			children = (
				9DE75C03B947F7AC938970AD /* Pods_TheLeeStreetNetwork.framework */,
			);
			name = Frameworks;
			sourceTree = "<group>";
		};
		D84F15ED1E787B7400EF340C /* Services */ = {
			isa = PBXGroup;
			children = (
				D84F15EE1E787B9C00EF340C /* DataService.swift */,
			);
			name = Services;
			sourceTree = "<group>";
		};
		D8A881EB1E65DD3E0093E17C /* Util */ = {
			isa = PBXGroup;
			children = (
				D8A881F41E65DD7F0093E17C /* Constants.swift */,
			);
			name = Util;
			sourceTree = "<group>";
		};
		D8EE0B631E65D97A00A5A413 = {
			isa = PBXGroup;
			children = (
				D8EE0B6E1E65D97A00A5A413 /* TheLeeStreetNetwork */,
				D8EE0B6D1E65D97A00A5A413 /* Products */,
				21B8EC59D2031387528A39BD /* Pods */,
				86413433B099AD7737A26A4B /* Frameworks */,
			);
			sourceTree = "<group>";
		};
		D8EE0B6D1E65D97A00A5A413 /* Products */ = {
			isa = PBXGroup;
			children = (
				D8EE0B6C1E65D97A00A5A413 /* TheLeeStreetNetwork.app */,
			);
			name = Products;
			sourceTree = "<group>";
		};
		D8EE0B6E1E65D97A00A5A413 /* TheLeeStreetNetwork */ = {
			isa = PBXGroup;
			children = (
				D84F15ED1E787B7400EF340C /* Services */,
				D8A881EB1E65DD3E0093E17C /* Util */,
				D8EE0B831E65D9A800A5A413 /* View */,
				D8EE0B811E65D98A00A5A413 /* Model */,
				D8EE0B821E65D99F00A5A413 /* Controller */,
				D8EE0B6F1E65D97A00A5A413 /* AppDelegate.swift */,
				D8EE0B731E65D97A00A5A413 /* Main.storyboard */,
				D8EE0B761E65D97A00A5A413 /* Assets.xcassets */,
				D8EE0B781E65D97A00A5A413 /* LaunchScreen.storyboard */,
				D8EE0B841E65D9FE00A5A413 /* GoogleService-Info.plist */,
				D8EE0B7B1E65D97A00A5A413 /* Info.plist */,
			);
			path = TheLeeStreetNetwork;
			sourceTree = "<group>";
		};
		D8EE0B811E65D98A00A5A413 /* Model */ = {
			isa = PBXGroup;
			children = (
			);
			name = Model;
			sourceTree = "<group>";
		};
		D8EE0B821E65D99F00A5A413 /* Controller */ = {
			isa = PBXGroup;
			children = (
				D8EE0B711E65D97A00A5A413 /* ViewController.swift */,
				D89F26C41E68A63B00F46B7F /* FeedViewController.swift */,
			);
			name = Controller;
			sourceTree = "<group>";
		};
		D8EE0B831E65D9A800A5A413 /* View */ = {
			isa = PBXGroup;
			children = (
				D8A881EC1E65DD650093E17C /* RoundButton.swift */,
				D8A881EE1E65DD6E0093E17C /* FancyButton.swift */,
				D8A881F01E65DD730093E17C /* FancyField.swift */,
				D8A881F21E65DD790093E17C /* CleanView.swift */,
				D82A505D1E7737FF00BF54D0 /* CircleImageView.swift */,
				D82A505F1E77A82B00BF54D0 /* PostViewCell.swift */,
			);
			name = View;
			sourceTree = "<group>";
		};
/* End PBXGroup section */

/* Begin PBXNativeTarget section */
		D8EE0B6B1E65D97A00A5A413 /* TheLeeStreetNetwork */ = {
			isa = PBXNativeTarget;
			buildConfigurationList = D8EE0B7E1E65D97A00A5A413 /* Build configuration list for PBXNativeTarget "TheLeeStreetNetwork" */;
			buildPhases = (
				F3FA94A946D145426C8EDB32 /* [CP] Check Pods Manifest.lock */,
				D8EE0B681E65D97A00A5A413 /* Sources */,
				D8EE0B691E65D97A00A5A413 /* Frameworks */,
				D8EE0B6A1E65D97A00A5A413 /* Resources */,
				9A41D4BFCFE5785F97C8C637 /* [CP] Embed Pods Frameworks */,
				5332BB2FCBAC577DAF92D730 /* [CP] Copy Pods Resources */,
			);
			buildRules = (
			);
			dependencies = (
			);
			name = TheLeeStreetNetwork;
			productName = TheLeeStreetNetwork;
			productReference = D8EE0B6C1E65D97A00A5A413 /* TheLeeStreetNetwork.app */;
			productType = "com.apple.product-type.application";
		};
/* End PBXNativeTarget section */

/* Begin PBXProject section */
		D8EE0B641E65D97A00A5A413 /* Project object */ = {
			isa = PBXProject;
			attributes = {
				LastSwiftUpdateCheck = 0820;
				LastUpgradeCheck = 0820;
				ORGANIZATIONNAME = Stringfellow;
				TargetAttributes = {
					D8EE0B6B1E65D97A00A5A413 = {
						CreatedOnToolsVersion = 8.2.1;
						ProvisioningStyle = Automatic;
					};
				};
			};
			buildConfigurationList = D8EE0B671E65D97A00A5A413 /* Build configuration list for PBXProject "TheLeeStreetNetwork" */;
			compatibilityVersion = "Xcode 3.2";
			developmentRegion = English;
			hasScannedForEncodings = 0;
			knownRegions = (
				en,
				Base,
			);
			mainGroup = D8EE0B631E65D97A00A5A413;
			productRefGroup = D8EE0B6D1E65D97A00A5A413 /* Products */;
			projectDirPath = "";
			projectRoot = "";
			targets = (
				D8EE0B6B1E65D97A00A5A413 /* TheLeeStreetNetwork */,
			);
		};
/* End PBXProject section */

/* Begin PBXResourcesBuildPhase section */
		D8EE0B6A1E65D97A00A5A413 /* Resources */ = {
			isa = PBXResourcesBuildPhase;
			buildActionMask = 2147483647;
			files = (
				D8EE0B7A1E65D97A00A5A413 /* LaunchScreen.storyboard in Resources */,
				D8EE0B851E65D9FE00A5A413 /* GoogleService-Info.plist in Resources */,
				D8EE0B771E65D97A00A5A413 /* Assets.xcassets in Resources */,
				D8EE0B751E65D97A00A5A413 /* Main.storyboard in Resources */,
			);
			runOnlyForDeploymentPostprocessing = 0;
		};
/* End PBXResourcesBuildPhase section */

/* Begin PBXShellScriptBuildPhase section */
		5332BB2FCBAC577DAF92D730 /* [CP] Copy Pods Resources */ = {
			isa = PBXShellScriptBuildPhase;
			buildActionMask = 2147483647;
			files = (
			);
			inputPaths = (
			);
			name = "[CP] Copy Pods Resources";
			outputPaths = (
			);
			runOnlyForDeploymentPostprocessing = 0;
			shellPath = /bin/sh;
			shellScript = "\"${SRCROOT}/Pods/Target Support Files/Pods-TheLeeStreetNetwork/Pods-TheLeeStreetNetwork-resources.sh\"\n";
			showEnvVarsInLog = 0;
		};
		9A41D4BFCFE5785F97C8C637 /* [CP] Embed Pods Frameworks */ = {
			isa = PBXShellScriptBuildPhase;
			buildActionMask = 2147483647;
			files = (
			);
			inputPaths = (
			);
			name = "[CP] Embed Pods Frameworks";
			outputPaths = (
			);
			runOnlyForDeploymentPostprocessing = 0;
			shellPath = /bin/sh;
			shellScript = "\"${SRCROOT}/Pods/Target Support Files/Pods-TheLeeStreetNetwork/Pods-TheLeeStreetNetwork-frameworks.sh\"\n";
			showEnvVarsInLog = 0;
		};
		F3FA94A946D145426C8EDB32 /* [CP] Check Pods Manifest.lock */ = {
			isa = PBXShellScriptBuildPhase;
			buildActionMask = 2147483647;
			files = (
			);
			inputPaths = (
			);
			name = "[CP] Check Pods Manifest.lock";
			outputPaths = (
			);
			runOnlyForDeploymentPostprocessing = 0;
			shellPath = /bin/sh;
			shellScript = "diff \"${PODS_ROOT}/../Podfile.lock\" \"${PODS_ROOT}/Manifest.lock\" > /dev/null\nif [ $? != 0 ] ; then\n    # print error to STDERR\n    echo \"error: The sandbox is not in sync with the Podfile.lock. Run 'pod install' or update your CocoaPods installation.\" >&2\n    exit 1\nfi\n";
			showEnvVarsInLog = 0;
		};
/* End PBXShellScriptBuildPhase section */

/* Begin PBXSourcesBuildPhase section */
		D8EE0B681E65D97A00A5A413 /* Sources */ = {
			isa = PBXSourcesBuildPhase;
			buildActionMask = 2147483647;
			files = (
				D8A881ED1E65DD650093E17C /* RoundButton.swift in Sources */,
				D82A505E1E7737FF00BF54D0 /* CircleImageView.swift in Sources */,
				D8A881EF1E65DD6E0093E17C /* FancyButton.swift in Sources */,
				D8A881F31E65DD790093E17C /* CleanView.swift in Sources */,
				D82A50601E77A82B00BF54D0 /* PostViewCell.swift in Sources */,
				D84F15EF1E787B9C00EF340C /* DataService.swift in Sources */,
				D8A881F11E65DD730093E17C /* FancyField.swift in Sources */,
				D8A881F51E65DD7F0093E17C /* Constants.swift in Sources */,
				D8EE0B721E65D97A00A5A413 /* ViewController.swift in Sources */,
				D89F26C51E68A63B00F46B7F /* FeedViewController.swift in Sources */,
				D8EE0B701E65D97A00A5A413 /* AppDelegate.swift in Sources */,
			);
			runOnlyForDeploymentPostprocessing = 0;
		};
/* End PBXSourcesBuildPhase section */

/* Begin PBXVariantGroup section */
		D8EE0B731E65D97A00A5A413 /* Main.storyboard */ = {
			isa = PBXVariantGroup;
			children = (
				D8EE0B741E65D97A00A5A413 /* Base */,
			);
			name = Main.storyboard;
			sourceTree = "<group>";
		};
		D8EE0B781E65D97A00A5A413 /* LaunchScreen.storyboard */ = {
			isa = PBXVariantGroup;
			children = (
				D8EE0B791E65D97A00A5A413 /* Base */,
			);
			name = LaunchScreen.storyboard;
			sourceTree = "<group>";
		};
/* End PBXVariantGroup section */

/* Begin XCBuildConfiguration section */
		D8EE0B7C1E65D97A00A5A413 /* Debug */ = {
			isa = XCBuildConfiguration;
			buildSettings = {
				ALWAYS_SEARCH_USER_PATHS = NO;
				CLANG_ANALYZER_NONNULL = YES;
				CLANG_CXX_LANGUAGE_STANDARD = "gnu++0x";
				CLANG_CXX_LIBRARY = "libc++";
				CLANG_ENABLE_MODULES = YES;
				CLANG_ENABLE_OBJC_ARC = YES;
				CLANG_WARN_BOOL_CONVERSION = YES;
				CLANG_WARN_CONSTANT_CONVERSION = YES;
				CLANG_WARN_DIRECT_OBJC_ISA_USAGE = YES_ERROR;
				CLANG_WARN_DOCUMENTATION_COMMENTS = YES;
				CLANG_WARN_EMPTY_BODY = YES;
				CLANG_WARN_ENUM_CONVERSION = YES;
				CLANG_WARN_INFINITE_RECURSION = YES;
				CLANG_WARN_INT_CONVERSION = YES;
				CLANG_WARN_OBJC_ROOT_CLASS = YES_ERROR;
				CLANG_WARN_SUSPICIOUS_MOVE = YES;
				CLANG_WARN_UNREACHABLE_CODE = YES;
				CLANG_WARN__DUPLICATE_METHOD_MATCH = YES;
				"CODE_SIGN_IDENTITY[sdk=iphoneos*]" = "iPhone Developer";
				COPY_PHASE_STRIP = NO;
				DEBUG_INFORMATION_FORMAT = dwarf;
				ENABLE_STRICT_OBJC_MSGSEND = YES;
				ENABLE_TESTABILITY = YES;
				GCC_C_LANGUAGE_STANDARD = gnu99;
				GCC_DYNAMIC_NO_PIC = NO;
				GCC_NO_COMMON_BLOCKS = YES;
				GCC_OPTIMIZATION_LEVEL = 0;
				GCC_PREPROCESSOR_DEFINITIONS = (
					"DEBUG=1",
					"$(inherited)",
				);
				GCC_WARN_64_TO_32_BIT_CONVERSION = YES;
				GCC_WARN_ABOUT_RETURN_TYPE = YES_ERROR;
				GCC_WARN_UNDECLARED_SELECTOR = YES;
				GCC_WARN_UNINITIALIZED_AUTOS = YES_AGGRESSIVE;
				GCC_WARN_UNUSED_FUNCTION = YES;
				GCC_WARN_UNUSED_VARIABLE = YES;
				IPHONEOS_DEPLOYMENT_TARGET = 10.2;
				MTL_ENABLE_DEBUG_INFO = YES;
				ONLY_ACTIVE_ARCH = YES;
				SDKROOT = iphoneos;
				SWIFT_ACTIVE_COMPILATION_CONDITIONS = DEBUG;
				SWIFT_OPTIMIZATION_LEVEL = "-Onone";
			};
			name = Debug;
		};
		D8EE0B7D1E65D97A00A5A413 /* Release */ = {
			isa = XCBuildConfiguration;
			buildSettings = {
				ALWAYS_SEARCH_USER_PATHS = NO;
				CLANG_ANALYZER_NONNULL = YES;
				CLANG_CXX_LANGUAGE_STANDARD = "gnu++0x";
				CLANG_CXX_LIBRARY = "libc++";
				CLANG_ENABLE_MODULES = YES;
				CLANG_ENABLE_OBJC_ARC = YES;
				CLANG_WARN_BOOL_CONVERSION = YES;
				CLANG_WARN_CONSTANT_CONVERSION = YES;
				CLANG_WARN_DIRECT_OBJC_ISA_USAGE = YES_ERROR;
				CLANG_WARN_DOCUMENTATION_COMMENTS = YES;
				CLANG_WARN_EMPTY_BODY = YES;
				CLANG_WARN_ENUM_CONVERSION = YES;
				CLANG_WARN_INFINITE_RECURSION = YES;
				CLANG_WARN_INT_CONVERSION = YES;
				CLANG_WARN_OBJC_ROOT_CLASS = YES_ERROR;
				CLANG_WARN_SUSPICIOUS_MOVE = YES;
				CLANG_WARN_UNREACHABLE_CODE = YES;
				CLANG_WARN__DUPLICATE_METHOD_MATCH = YES;
				"CODE_SIGN_IDENTITY[sdk=iphoneos*]" = "iPhone Developer";
				COPY_PHASE_STRIP = NO;
				DEBUG_INFORMATION_FORMAT = "dwarf-with-dsym";
				ENABLE_NS_ASSERTIONS = NO;
				ENABLE_STRICT_OBJC_MSGSEND = YES;
				GCC_C_LANGUAGE_STANDARD = gnu99;
				GCC_NO_COMMON_BLOCKS = YES;
				GCC_WARN_64_TO_32_BIT_CONVERSION = YES;
				GCC_WARN_ABOUT_RETURN_TYPE = YES_ERROR;
				GCC_WARN_UNDECLARED_SELECTOR = YES;
				GCC_WARN_UNINITIALIZED_AUTOS = YES_AGGRESSIVE;
				GCC_WARN_UNUSED_FUNCTION = YES;
				GCC_WARN_UNUSED_VARIABLE = YES;
				IPHONEOS_DEPLOYMENT_TARGET = 10.2;
				MTL_ENABLE_DEBUG_INFO = NO;
				SDKROOT = iphoneos;
				SWIFT_OPTIMIZATION_LEVEL = "-Owholemodule";
				VALIDATE_PRODUCT = YES;
			};
			name = Release;
		};
		D8EE0B7F1E65D97A00A5A413 /* Debug */ = {
			isa = XCBuildConfiguration;
			baseConfigurationReference = 4A649F09AAAE0FA7A8C101E5 /* Pods-TheLeeStreetNetwork.debug.xcconfig */;
			buildSettings = {
				ASSETCATALOG_COMPILER_APPICON_NAME = AppIcon;
				INFOPLIST_FILE = TheLeeStreetNetwork/Info.plist;
				LD_RUNPATH_SEARCH_PATHS = "$(inherited) @executable_path/Frameworks";
				PRODUCT_BUNDLE_IDENTIFIER = com.stringfellow.TheLeeStreetNetwork;
				PRODUCT_NAME = "$(TARGET_NAME)";
				SWIFT_VERSION = 3.0;
			};
			name = Debug;
		};
		D8EE0B801E65D97A00A5A413 /* Release */ = {
			isa = XCBuildConfiguration;
			baseConfigurationReference = CF7FC7D910D0343090866D44 /* Pods-TheLeeStreetNetwork.release.xcconfig */;
			buildSettings = {
				ASSETCATALOG_COMPILER_APPICON_NAME = AppIcon;
				INFOPLIST_FILE = TheLeeStreetNetwork/Info.plist;
				LD_RUNPATH_SEARCH_PATHS = "$(inherited) @executable_path/Frameworks";
				PRODUCT_BUNDLE_IDENTIFIER = com.stringfellow.TheLeeStreetNetwork;
				PRODUCT_NAME = "$(TARGET_NAME)";
				SWIFT_VERSION = 3.0;
			};
			name = Release;
		};
/* End XCBuildConfiguration section */

/* Begin XCConfigurationList section */
		D8EE0B671E65D97A00A5A413 /* Build configuration list for PBXProject "TheLeeStreetNetwork" */ = {
			isa = XCConfigurationList;
			buildConfigurations = (
				D8EE0B7C1E65D97A00A5A413 /* Debug */,
				D8EE0B7D1E65D97A00A5A413 /* Release */,
			);
			defaultConfigurationIsVisible = 0;
			defaultConfigurationName = Release;
		};
		D8EE0B7E1E65D97A00A5A413 /* Build configuration list for PBXNativeTarget "TheLeeStreetNetwork" */ = {
			isa = XCConfigurationList;
			buildConfigurations = (
				D8EE0B7F1E65D97A00A5A413 /* Debug */,
				D8EE0B801E65D97A00A5A413 /* Release */,
			);
			defaultConfigurationIsVisible = 0;
			defaultConfigurationName = Release;
		};
/* End XCConfigurationList section */
	};
	rootObject = D8EE0B641E65D97A00A5A413 /* Project object */;
}
